
Microsoft Visual Studio Solution File, Format Version 12.00
# Visual Studio Version 17
VisualStudioVersion = 17.9.34728.123
MinimumVisualStudioVersion = 10.0.40219.1
Project("{FAE04EC0-301F-11D3-BF4B-00C04F79EFBC}") = "Basic", "Basic\Basic.csproj", "{E361B86D-B19D-4188-8774-AE774F1435AA}"
EndProject
Global
	GlobalSection(SolutionConfigurationPlatforms) = preSolution
		Debug|Any CPU = Debug|Any CPU
		Release|Any CPU = Release|Any CPU
	EndGlobalSection
	GlobalSection(ProjectConfigurationPlatforms) = postSolution
		{E361B86D-B19D-4188-8774-AE774F1435AA}.Debug|Any CPU.ActiveCfg = Debug|Any CPU
		{E361B86D-B19D-4188-8774-AE774F1435AA}.Debug|Any CPU.Build.0 = Debug|Any CPU
		{E361B86D-B19D-4188-8774-AE774F1435AA}.Release|Any CPU.ActiveCfg = Release|Any CPU
		{E361B86D-B19D-4188-8774-AE774F1435AA}.Release|Any CPU.Build.0 = Release|Any CPU
	EndGlobalSection
	GlobalSection(SolutionProperties) = preSolution
		HideSolutionNode = FALSE
	EndGlobalSection
	GlobalSection(ExtensibilityGlobals) = postSolution
		SolutionGuid = {269D8135-236E-42D6-B5B0-37B777F8294D}
	EndGlobalSection
EndGlobal
